{
  "name": "firezap-frontend",
  "version": "1.0.0",
  "lockfileVersion": 2,
  "requires": true,
  "dependencies": {
    "socket.io-client": {
      "version": "4.7.5",
      "resolved": "https://registry.npmjs.org/socket.io-client/-/socket.io-client-4.7.5.tgz",
      "integrity": "sha512-...",
      "requires": {
        "engine.io-client": "^5.7.6"
      }
    },
    "engine.io-client": {
      "version": "5.7.6",
      "resolved": "https://registry.npmjs.org/engine.io-client/-/engine.io-client-5.7.6.tgz",
      "integrity": "sha512-..."
    }
  }
}
